{
  "version": "4",
  "remote": {
    "https://deno.land/std@0.224.0/assert/assert.ts": "09d30564c09de846855b7b071e62b5974b001bb72a4b797958fe0660e7849834",
    "https://deno.land/std@0.224.0/assert/assertion_error.ts": "ba8752bd27ebc51f723702fac2f54d3e94447598f54264a6653d6413738a8917",
    "https://deno.land/std@0.224.0/bytes/copy.ts": "08d85062240a7223e6ec4e2af193ad1a50c59a43f0d86ac3a7b16f3e0d77c028",
    "https://deno.land/std@0.224.0/io/buffer.ts": "4d1f805f350433e418002accec798bc6c33ce18f614afa65f987c202d7b2234e"
  },
  "workspace": {
    "packageJson": {
      "dependencies": [
        "npm:csv-parser@^3.1.0",
        "npm:firebase-admin@^13.0.2"
      ]
    }
  }
}
